
Microsoft Visual Studio Solution File, Format Version 12.00
# Visual Studio 15
VisualStudioVersion = 15.0.28010.2048
MinimumVisualStudioVersion = 10.0.40219.1
Project("{FAE04EC0-301F-11D3-BF4B-00C04F79EFBC}") = "SmartCardService", "SmartCardService\SmartCardService.csproj", "{A2803B54-547D-469E-AC20-5EC32D9A6C46}"
EndProject
Project("{FAE04EC0-301F-11D3-BF4B-00C04F79EFBC}") = "Client", "Client\Client.csproj", "{C3721340-E95E-4EAC-A2F6-F8ED3ADBD694}"
EndProject
Project("{FAE04EC0-301F-11D3-BF4B-00C04F79EFBC}") = "Common", "Common\Common.csproj", "{9A732776-EA7F-45E5-A22C-A25548155821}"
EndProject
Project("{FAE04EC0-301F-11D3-BF4B-00C04F79EFBC}") = "SmartCardAuthService", "SmartCardAuthService\SmartCardAuthService.csproj", "{844FCA4A-8C3A-4C59-B6FE-772687D27868}"
EndProject
Project("{FAE04EC0-301F-11D3-BF4B-00C04F79EFBC}") = "SmartCardBackup", "SmartCardBackup\SmartCardBackup.csproj", "{786B6108-B421-4CE1-9396-46EAEA09F8F9}"
EndProject
Project("{FAE04EC0-301F-11D3-BF4B-00C04F79EFBC}") = "Manager", "Manager\Manager.csproj", "{7E2D9A05-5DAF-4CCC-B465-5753987140EC}"
EndProject
Global
	GlobalSection(SolutionConfigurationPlatforms) = preSolution
		Debug|Any CPU = Debug|Any CPU
		Release|Any CPU = Release|Any CPU
	EndGlobalSection
	GlobalSection(ProjectConfigurationPlatforms) = postSolution
		{A2803B54-547D-469E-AC20-5EC32D9A6C46}.Debug|Any CPU.ActiveCfg = Debug|Any CPU
		{A2803B54-547D-469E-AC20-5EC32D9A6C46}.Debug|Any CPU.Build.0 = Debug|Any CPU
		{A2803B54-547D-469E-AC20-5EC32D9A6C46}.Release|Any CPU.ActiveCfg = Release|Any CPU
		{A2803B54-547D-469E-AC20-5EC32D9A6C46}.Release|Any CPU.Build.0 = Release|Any CPU
		{C3721340-E95E-4EAC-A2F6-F8ED3ADBD694}.Debug|Any CPU.ActiveCfg = Debug|Any CPU
		{C3721340-E95E-4EAC-A2F6-F8ED3ADBD694}.Debug|Any CPU.Build.0 = Debug|Any CPU
		{C3721340-E95E-4EAC-A2F6-F8ED3ADBD694}.Release|Any CPU.ActiveCfg = Release|Any CPU
		{C3721340-E95E-4EAC-A2F6-F8ED3ADBD694}.Release|Any CPU.Build.0 = Release|Any CPU
		{9A732776-EA7F-45E5-A22C-A25548155821}.Debug|Any CPU.ActiveCfg = Debug|Any CPU
		{9A732776-EA7F-45E5-A22C-A25548155821}.Debug|Any CPU.Build.0 = Debug|Any CPU
		{9A732776-EA7F-45E5-A22C-A25548155821}.Release|Any CPU.ActiveCfg = Release|Any CPU
		{9A732776-EA7F-45E5-A22C-A25548155821}.Release|Any CPU.Build.0 = Release|Any CPU
		{844FCA4A-8C3A-4C59-B6FE-772687D27868}.Debug|Any CPU.ActiveCfg = Debug|Any CPU
		{844FCA4A-8C3A-4C59-B6FE-772687D27868}.Debug|Any CPU.Build.0 = Debug|Any CPU
		{844FCA4A-8C3A-4C59-B6FE-772687D27868}.Release|Any CPU.ActiveCfg = Release|Any CPU
		{844FCA4A-8C3A-4C59-B6FE-772687D27868}.Release|Any CPU.Build.0 = Release|Any CPU
		{786B6108-B421-4CE1-9396-46EAEA09F8F9}.Debug|Any CPU.ActiveCfg = Debug|Any CPU
		{786B6108-B421-4CE1-9396-46EAEA09F8F9}.Debug|Any CPU.Build.0 = Debug|Any CPU
		{786B6108-B421-4CE1-9396-46EAEA09F8F9}.Release|Any CPU.ActiveCfg = Release|Any CPU
		{786B6108-B421-4CE1-9396-46EAEA09F8F9}.Release|Any CPU.Build.0 = Release|Any CPU
		{7E2D9A05-5DAF-4CCC-B465-5753987140EC}.Debug|Any CPU.ActiveCfg = Debug|Any CPU
		{7E2D9A05-5DAF-4CCC-B465-5753987140EC}.Debug|Any CPU.Build.0 = Debug|Any CPU
		{7E2D9A05-5DAF-4CCC-B465-5753987140EC}.Release|Any CPU.ActiveCfg = Release|Any CPU
		{7E2D9A05-5DAF-4CCC-B465-5753987140EC}.Release|Any CPU.Build.0 = Release|Any CPU
	EndGlobalSection
	GlobalSection(SolutionProperties) = preSolution
		HideSolutionNode = FALSE
	EndGlobalSection
	GlobalSection(ExtensibilityGlobals) = postSolution
		SolutionGuid = {D801E7F2-98A5-4A8F-9FF0-00B1013E2998}
	EndGlobalSection
EndGlobal
